
Microsoft Visual Studio Solution File, Format Version 12.00
# Visual Studio Version 17
VisualStudioVersion = 17.12.35707.178 d17.12
MinimumVisualStudioVersion = 10.0.40219.1
Project("{FAE04EC0-301F-11D3-BF4B-00C04F79EFBC}") = "Q#1", "Q#1\Q#1.csproj", "{50170500-B92A-40E2-8BAC-2623B036630E}"
EndProject
Project("{FAE04EC0-301F-11D3-BF4B-00C04F79EFBC}") = "Q#2", "Q#2\Q#2.csproj", "{80164AE1-D78C-4E6D-B9ED-15EF3AB0588C}"
EndProject
Global
	GlobalSection(SolutionConfigurationPlatforms) = preSolution
		Debug|Any CPU = Debug|Any CPU
		Release|Any CPU = Release|Any CPU
	EndGlobalSection
	GlobalSection(ProjectConfigurationPlatforms) = postSolution
		{50170500-B92A-40E2-8BAC-2623B036630E}.Debug|Any CPU.ActiveCfg = Debug|Any CPU
		{50170500-B92A-40E2-8BAC-2623B036630E}.Debug|Any CPU.Build.0 = Debug|Any CPU
		{50170500-B92A-40E2-8BAC-2623B036630E}.Release|Any CPU.ActiveCfg = Release|Any CPU
		{50170500-B92A-40E2-8BAC-2623B036630E}.Release|Any CPU.Build.0 = Release|Any CPU
		{80164AE1-D78C-4E6D-B9ED-15EF3AB0588C}.Debug|Any CPU.ActiveCfg = Debug|Any CPU
		{80164AE1-D78C-4E6D-B9ED-15EF3AB0588C}.Debug|Any CPU.Build.0 = Debug|Any CPU
		{80164AE1-D78C-4E6D-B9ED-15EF3AB0588C}.Release|Any CPU.ActiveCfg = Release|Any CPU
		{80164AE1-D78C-4E6D-B9ED-15EF3AB0588C}.Release|Any CPU.Build.0 = Release|Any CPU
	EndGlobalSection
	GlobalSection(SolutionProperties) = preSolution
		HideSolutionNode = FALSE
	EndGlobalSection
EndGlobal
